// !$*UTF8*$!
{
	archiveVersion = 1;
	classes = {
	};
	objectVersion = 56;
	objects = {

/* Begin PBXBuildFile section */
		2EB708532B84A06D00E53008 /* AppDelegate.m in Sources */ = {isa = PBXBuildFile; fileRef = 2EB708522B84A06D00E53008 /* AppDelegate.m */; };
		2EB708562B84A06D00E53008 /* SceneDelegate.m in Sources */ = {isa = PBXBuildFile; fileRef = 2EB708552B84A06D00E53008 /* SceneDelegate.m */; };
		2EB708592B84A06D00E53008 /* ViewController.m in Sources */ = {isa = PBXBuildFile; fileRef = 2EB708582B84A06D00E53008 /* ViewController.m */; };
		2EB7085C2B84A06D00E53008 /* Main.storyboard in Resources */ = {isa = PBXBuildFile; fileRef = 2EB7085A2B84A06D00E53008 /* Main.storyboard */; };
		2EB7085E2B84A06E00E53008 /* Assets.xcassets in Resources */ = {isa = PBXBuildFile; fileRef = 2EB7085D2B84A06E00E53008 /* Assets.xcassets */; };
		2EB708612B84A06E00E53008 /* LaunchScreen.storyboard in Resources */ = {isa = PBXBuildFile; fileRef = 2EB7085F2B84A06E00E53008 /* LaunchScreen.storyboard */; };
		2EB708642B84A06E00E53008 /* main.m in Sources */ = {isa = PBXBuildFile; fileRef = 2EB708632B84A06E00E53008 /* main.m */; };
		2EB7086E2B84A06E00E53008 /* DynamicFontTests.m in Sources */ = {isa = PBXBuildFile; fileRef = 2EB7086D2B84A06E00E53008 /* DynamicFontTests.m */; };
		2EB708782B84A06E00E53008 /* DynamicFontUITests.m in Sources */ = {isa = PBXBuildFile; fileRef = 2EB708772B84A06E00E53008 /* DynamicFontUITests.m */; };
		2EB7087A2B84A06E00E53008 /* DynamicFontUITestsLaunchTests.m in Sources */ = {isa = PBXBuildFile; fileRef = 2EB708792B84A06E00E53008 /* DynamicFontUITestsLaunchTests.m */; };
		2EB708882B84A08400E53008 /* FontsManager.m in Sources */ = {isa = PBXBuildFile; fileRef = 2EB708872B84A08400E53008 /* FontsManager.m */; };
		2EB7088A2B84A1C000E53008 /* OpenSans-Light.ttf in Resources */ = {isa = PBXBuildFile; fileRef = 2EB708892B84A1C000E53008 /* OpenSans-Light.ttf */; };
		2EB7088C2B84A2E200E53008 /* DINOT-BOLD.TTF in Resources */ = {isa = PBXBuildFile; fileRef = 2EB7088B2B84A2E200E53008 /* DINOT-BOLD.TTF */; };
/* End PBXBuildFile section */

/* Begin PBXContainerItemProxy section */
		2EB7086A2B84A06E00E53008 /* PBXContainerItemProxy */ = {
			isa = PBXContainerItemProxy;
			containerPortal = 2EB708462B84A06D00E53008 /* Project object */;
			proxyType = 1;
			remoteGlobalIDString = 2EB7084D2B84A06D00E53008;
			remoteInfo = DynamicFont;
		};
		2EB708742B84A06E00E53008 /* PBXContainerItemProxy */ = {
			isa = PBXContainerItemProxy;
			containerPortal = 2EB708462B84A06D00E53008 /* Project object */;
			proxyType = 1;
			remoteGlobalIDString = 2EB7084D2B84A06D00E53008;
			remoteInfo = DynamicFont;
		};
/* End PBXContainerItemProxy section */

/* Begin PBXFileReference section */
		2EB7084E2B84A06D00E53008 /* DynamicFont.app */ = {isa = PBXFileReference; explicitFileType = wrapper.application; includeInIndex = 0; path = DynamicFont.app; sourceTree = BUILT_PRODUCTS_DIR; };
		2EB708512B84A06D00E53008 /* AppDelegate.h */ = {isa = PBXFileReference; lastKnownFileType = sourcecode.c.h; path = AppDelegate.h; sourceTree = "<group>"; };
		2EB708522B84A06D00E53008 /* AppDelegate.m */ = {isa = PBXFileReference; lastKnownFileType = sourcecode.c.objc; path = AppDelegate.m; sourceTree = "<group>"; };
		2EB708542B84A06D00E53008 /* SceneDelegate.h */ = {isa = PBXFileReference; lastKnownFileType = sourcecode.c.h; path = SceneDelegate.h; sourceTree = "<group>"; };
		2EB708552B84A06D00E53008 /* SceneDelegate.m */ = {isa = PBXFileReference; lastKnownFileType = sourcecode.c.objc; path = SceneDelegate.m; sourceTree = "<group>"; };
		2EB708572B84A06D00E53008 /* ViewController.h */ = {isa = PBXFileReference; lastKnownFileType = sourcecode.c.h; path = ViewController.h; sourceTree = "<group>"; };
		2EB708582B84A06D00E53008 /* ViewController.m */ = {isa = PBXFileReference; lastKnownFileType = sourcecode.c.objc; path = ViewController.m; sourceTree = "<group>"; };
		2EB7085B2B84A06D00E53008 /* Base */ = {isa = PBXFileReference; lastKnownFileType = file.storyboard; name = Base; path = Base.lproj/Main.storyboard; sourceTree = "<group>"; };
		2EB7085D2B84A06E00E53008 /* Assets.xcassets */ = {isa = PBXFileReference; lastKnownFileType = folder.assetcatalog; path = Assets.xcassets; sourceTree = "<group>"; };
		2EB708602B84A06E00E53008 /* Base */ = {isa = PBXFileReference; lastKnownFileType = file.storyboard; name = Base; path = Base.lproj/LaunchScreen.storyboard; sourceTree = "<group>"; };
		2EB708622B84A06E00E53008 /* Info.plist */ = {isa = PBXFileReference; lastKnownFileType = text.plist.xml; path = Info.plist; sourceTree = "<group>"; };
		2EB708632B84A06E00E53008 /* main.m */ = {isa = PBXFileReference; lastKnownFileType = sourcecode.c.objc; path = main.m; sourceTree = "<group>"; };
		2EB708692B84A06E00E53008 /* DynamicFontTests.xctest */ = {isa = PBXFileReference; explicitFileType = wrapper.cfbundle; includeInIndex = 0; path = DynamicFontTests.xctest; sourceTree = BUILT_PRODUCTS_DIR; };
		2EB7086D2B84A06E00E53008 /* DynamicFontTests.m */ = {isa = PBXFileReference; lastKnownFileType = sourcecode.c.objc; path = DynamicFontTests.m; sourceTree = "<group>"; };
		2EB708732B84A06E00E53008 /* DynamicFontUITests.xctest */ = {isa = PBXFileReference; explicitFileType = wrapper.cfbundle; includeInIndex = 0; path = DynamicFontUITests.xctest; sourceTree = BUILT_PRODUCTS_DIR; };
		2EB708772B84A06E00E53008 /* DynamicFontUITests.m */ = {isa = PBXFileReference; lastKnownFileType = sourcecode.c.objc; path = DynamicFontUITests.m; sourceTree = "<group>"; };
		2EB708792B84A06E00E53008 /* DynamicFontUITestsLaunchTests.m */ = {isa = PBXFileReference; lastKnownFileType = sourcecode.c.objc; path = DynamicFontUITestsLaunchTests.m; sourceTree = "<group>"; };
		2EB708862B84A08400E53008 /* FontsManager.h */ = {isa = PBXFileReference; lastKnownFileType = sourcecode.c.h; path = FontsManager.h; sourceTree = "<group>"; };
		2EB708872B84A08400E53008 /* FontsManager.m */ = {isa = PBXFileReference; lastKnownFileType = sourcecode.c.objc; path = FontsManager.m; sourceTree = "<group>"; };
		2EB708892B84A1C000E53008 /* OpenSans-Light.ttf */ = {isa = PBXFileReference; lastKnownFileType = file; path = "OpenSans-Light.ttf"; sourceTree = "<group>"; };
		2EB7088B2B84A2E200E53008 /* DINOT-BOLD.TTF */ = {isa = PBXFileReference; lastKnownFileType = file; path = "DINOT-BOLD.TTF"; sourceTree = "<group>"; };
/* End PBXFileReference section */

/* Begin PBXFrameworksBuildPhase section */
		2EB7084B2B84A06D00E53008 /* Frameworks */ = {
			isa = PBXFrameworksBuildPhase;
			buildActionMask = 2147483647;
			files = (
			);
			runOnlyForDeploymentPostprocessing = 0;
		};
		2EB708662B84A06E00E53008 /* Frameworks */ = {
			isa = PBXFrameworksBuildPhase;
			buildActionMask = 2147483647;
			files = (
			);
			runOnlyForDeploymentPostprocessing = 0;
		};
		2EB708702B84A06E00E53008 /* Frameworks */ = {
			isa = PBXFrameworksBuildPhase;
			buildActionMask = 2147483647;
			files = (
			);
			runOnlyForDeploymentPostprocessing = 0;
		};
/* End PBXFrameworksBuildPhase section */

/* Begin PBXGroup section */
		2EB708452B84A06D00E53008 = {
			isa = PBXGroup;
			children = (
				2EB708502B84A06D00E53008 /* DynamicFont */,
				2EB7086C2B84A06E00E53008 /* DynamicFontTests */,
				2EB708762B84A06E00E53008 /* DynamicFontUITests */,
				2EB7084F2B84A06D00E53008 /* Products */,
			);
			sourceTree = "<group>";
		};
		2EB7084F2B84A06D00E53008 /* Products */ = {
			isa = PBXGroup;
			children = (
				2EB7084E2B84A06D00E53008 /* DynamicFont.app */,
				2EB708692B84A06E00E53008 /* DynamicFontTests.xctest */,
				2EB708732B84A06E00E53008 /* DynamicFontUITests.xctest */,
			);
			name = Products;
			sourceTree = "<group>";
		};
		2EB708502B84A06D00E53008 /* DynamicFont */ = {
			isa = PBXGroup;
			children = (
				2EB7088B2B84A2E200E53008 /* DINOT-BOLD.TTF */,
				2EB708892B84A1C000E53008 /* OpenSans-Light.ttf */,
				2EB708512B84A06D00E53008 /* AppDelegate.h */,
				2EB708522B84A06D00E53008 /* AppDelegate.m */,
				2EB708542B84A06D00E53008 /* SceneDelegate.h */,
				2EB708552B84A06D00E53008 /* SceneDelegate.m */,
				2EB708572B84A06D00E53008 /* ViewController.h */,
				2EB708582B84A06D00E53008 /* ViewController.m */,
				2EB708862B84A08400E53008 /* FontsManager.h */,
				2EB708872B84A08400E53008 /* FontsManager.m */,
				2EB7085A2B84A06D00E53008 /* Main.storyboard */,
				2EB7085D2B84A06E00E53008 /* Assets.xcassets */,
				2EB7085F2B84A06E00E53008 /* LaunchScreen.storyboard */,
				2EB708622B84A06E00E53008 /* Info.plist */,
				2EB708632B84A06E00E53008 /* main.m */,
			);
			path = DynamicFont;
			sourceTree = "<group>";
		};
		2EB7086C2B84A06E00E53008 /* DynamicFontTests */ = {
			isa = PBXGroup;
			children = (
				2EB7086D2B84A06E00E53008 /* DynamicFontTests.m */,
			);
			path = DynamicFontTests;
			sourceTree = "<group>";
		};
		2EB708762B84A06E00E53008 /* DynamicFontUITests */ = {
			isa = PBXGroup;
			children = (
				2EB708772B84A06E00E53008 /* DynamicFontUITests.m */,
				2EB708792B84A06E00E53008 /* DynamicFontUITestsLaunchTests.m */,
			);
			path = DynamicFontUITests;
			sourceTree = "<group>";
		};
/* End PBXGroup section */

/* Begin PBXNativeTarget section */
		2EB7084D2B84A06D00E53008 /* DynamicFont */ = {
			isa = PBXNativeTarget;
			buildConfigurationList = 2EB7087D2B84A06E00E53008 /* Build configuration list for PBXNativeTarget "DynamicFont" */;
			buildPhases = (
				2EB7084A2B84A06D00E53008 /* Sources */,
				2EB7084B2B84A06D00E53008 /* Frameworks */,
				2EB7084C2B84A06D00E53008 /* Resources */,
			);
			buildRules = (
			);
			dependencies = (
			);
			name = DynamicFont;
			productName = DynamicFont;
			productReference = 2EB7084E2B84A06D00E53008 /* DynamicFont.app */;
			productType = "com.apple.product-type.application";
		};
		2EB708682B84A06E00E53008 /* DynamicFontTests */ = {
			isa = PBXNativeTarget;
			buildConfigurationList = 2EB708802B84A06E00E53008 /* Build configuration list for PBXNativeTarget "DynamicFontTests" */;
			buildPhases = (
				2EB708652B84A06E00E53008 /* Sources */,
				2EB708662B84A06E00E53008 /* Frameworks */,
				2EB708672B84A06E00E53008 /* Resources */,
			);
			buildRules = (
			);
			dependencies = (
				2EB7086B2B84A06E00E53008 /* PBXTargetDependency */,
			);
			name = DynamicFontTests;
			productName = DynamicFontTests;
			productReference = 2EB708692B84A06E00E53008 /* DynamicFontTests.xctest */;
			productType = "com.apple.product-type.bundle.unit-test";
		};
		2EB708722B84A06E00E53008 /* DynamicFontUITests */ = {
			isa = PBXNativeTarget;
			buildConfigurationList = 2EB708832B84A06E00E53008 /* Build configuration list for PBXNativeTarget "DynamicFontUITests" */;
			buildPhases = (
				2EB7086F2B84A06E00E53008 /* Sources */,
				2EB708702B84A06E00E53008 /* Frameworks */,
				2EB708712B84A06E00E53008 /* Resources */,
			);
			buildRules = (
			);
			dependencies = (
				2EB708752B84A06E00E53008 /* PBXTargetDependency */,
			);
			name = DynamicFontUITests;
			productName = DynamicFontUITests;
			productReference = 2EB708732B84A06E00E53008 /* DynamicFontUITests.xctest */;
			productType = "com.apple.product-type.bundle.ui-testing";
		};
/* End PBXNativeTarget section */

/* Begin PBXProject section */
		2EB708462B84A06D00E53008 /* Project object */ = {
			isa = PBXProject;
			attributes = {
				BuildIndependentTargetsInParallel = 1;
				LastUpgradeCheck = 1520;
				TargetAttributes = {
					2EB7084D2B84A06D00E53008 = {
						CreatedOnToolsVersion = 15.2;
					};
					2EB708682B84A06E00E53008 = {
						CreatedOnToolsVersion = 15.2;
						TestTargetID = 2EB7084D2B84A06D00E53008;
					};
					2EB708722B84A06E00E53008 = {
						CreatedOnToolsVersion = 15.2;
						TestTargetID = 2EB7084D2B84A06D00E53008;
					};
				};
			};
			buildConfigurationList = 2EB708492B84A06D00E53008 /* Build configuration list for PBXProject "DynamicFont" */;
			compatibilityVersion = "Xcode 14.0";
			developmentRegion = en;
			hasScannedForEncodings = 0;
			knownRegions = (
				en,
				Base,
			);
			mainGroup = 2EB708452B84A06D00E53008;
			productRefGroup = 2EB7084F2B84A06D00E53008 /* Products */;
			projectDirPath = "";
			projectRoot = "";
			targets = (
				2EB7084D2B84A06D00E53008 /* DynamicFont */,
				2EB708682B84A06E00E53008 /* DynamicFontTests */,
				2EB708722B84A06E00E53008 /* DynamicFontUITests */,
			);
		};
/* End PBXProject section */

/* Begin PBXResourcesBuildPhase section */
		2EB7084C2B84A06D00E53008 /* Resources */ = {
			isa = PBXResourcesBuildPhase;
			buildActionMask = 2147483647;
			files = (
				2EB708612B84A06E00E53008 /* LaunchScreen.storyboard in Resources */,
				2EB7085E2B84A06E00E53008 /* Assets.xcassets in Resources */,
				2EB7088A2B84A1C000E53008 /* OpenSans-Light.ttf in Resources */,
				2EB7088C2B84A2E200E53008 /* DINOT-BOLD.TTF in Resources */,
				2EB7085C2B84A06D00E53008 /* Main.storyboard in Resources */,
			);
			runOnlyForDeploymentPostprocessing = 0;
		};
		2EB708672B84A06E00E53008 /* Resources */ = {
			isa = PBXResourcesBuildPhase;
			buildActionMask = 2147483647;
			files = (
			);
			runOnlyForDeploymentPostprocessing = 0;
		};
		2EB708712B84A06E00E53008 /* Resources */ = {
			isa = PBXResourcesBuildPhase;
			buildActionMask = 2147483647;
			files = (
			);
			runOnlyForDeploymentPostprocessing = 0;
		};
/* End PBXResourcesBuildPhase section */

/* Begin PBXSourcesBuildPhase section */
		2EB7084A2B84A06D00E53008 /* Sources */ = {
			isa = PBXSourcesBuildPhase;
			buildActionMask = 2147483647;
			files = (
				2EB708592B84A06D00E53008 /* ViewController.m in Sources */,
				2EB708532B84A06D00E53008 /* AppDelegate.m in Sources */,
				2EB708642B84A06E00E53008 /* main.m in Sources */,
				2EB708882B84A08400E53008 /* FontsManager.m in Sources */,
				2EB708562B84A06D00E53008 /* SceneDelegate.m in Sources */,
			);
			runOnlyForDeploymentPostprocessing = 0;
		};
		2EB708652B84A06E00E53008 /* Sources */ = {
			isa = PBXSourcesBuildPhase;
			buildActionMask = 2147483647;
			files = (
				2EB7086E2B84A06E00E53008 /* DynamicFontTests.m in Sources */,
			);
			runOnlyForDeploymentPostprocessing = 0;
		};
		2EB7086F2B84A06E00E53008 /* Sources */ = {
			isa = PBXSourcesBuildPhase;
			buildActionMask = 2147483647;
			files = (
				2EB708782B84A06E00E53008 /* DynamicFontUITests.m in Sources */,
				2EB7087A2B84A06E00E53008 /* DynamicFontUITestsLaunchTests.m in Sources */,
			);
			runOnlyForDeploymentPostprocessing = 0;
		};
/* End PBXSourcesBuildPhase section */

/* Begin PBXTargetDependency section */
		2EB7086B2B84A06E00E53008 /* PBXTargetDependency */ = {
			isa = PBXTargetDependency;
			target = 2EB7084D2B84A06D00E53008 /* DynamicFont */;
			targetProxy = 2EB7086A2B84A06E00E53008 /* PBXContainerItemProxy */;
		};
		2EB708752B84A06E00E53008 /* PBXTargetDependency */ = {
			isa = PBXTargetDependency;
			target = 2EB7084D2B84A06D00E53008 /* DynamicFont */;
			targetProxy = 2EB708742B84A06E00E53008 /* PBXContainerItemProxy */;
		};
/* End PBXTargetDependency section */

/* Begin PBXVariantGroup section */
		2EB7085A2B84A06D00E53008 /* Main.storyboard */ = {
			isa = PBXVariantGroup;
			children = (
				2EB7085B2B84A06D00E53008 /* Base */,
			);
			name = Main.storyboard;
			sourceTree = "<group>";
		};
		2EB7085F2B84A06E00E53008 /* LaunchScreen.storyboard */ = {
			isa = PBXVariantGroup;
			children = (
				2EB708602B84A06E00E53008 /* Base */,
			);
			name = LaunchScreen.storyboard;
			sourceTree = "<group>";
		};
/* End PBXVariantGroup section */

/* Begin XCBuildConfiguration section */
		2EB7087B2B84A06E00E53008 /* Debug */ = {
			isa = XCBuildConfiguration;
			buildSettings = {
				ALWAYS_SEARCH_USER_PATHS = NO;
				ASSETCATALOG_COMPILER_GENERATE_SWIFT_ASSET_SYMBOL_EXTENSIONS = YES;
				CLANG_ANALYZER_NONNULL = YES;
				CLANG_ANALYZER_NUMBER_OBJECT_CONVERSION = YES_AGGRESSIVE;
				CLANG_CXX_LANGUAGE_STANDARD = "gnu++20";
				CLANG_ENABLE_MODULES = YES;
				CLANG_ENABLE_OBJC_ARC = YES;
				CLANG_ENABLE_OBJC_WEAK = YES;
				CLANG_WARN_BLOCK_CAPTURE_AUTORELEASING = YES;
				CLANG_WARN_BOOL_CONVERSION = YES;
				CLANG_WARN_COMMA = YES;
				CLANG_WARN_CONSTANT_CONVERSION = YES;
				CLANG_WARN_DEPRECATED_OBJC_IMPLEMENTATIONS = YES;
				CLANG_WARN_DIRECT_OBJC_ISA_USAGE = YES_ERROR;
				CLANG_WARN_DOCUMENTATION_COMMENTS = YES;
				CLANG_WARN_EMPTY_BODY = YES;
				CLANG_WARN_ENUM_CONVERSION = YES;
				CLANG_WARN_INFINITE_RECURSION = YES;
				CLANG_WARN_INT_CONVERSION = YES;
				CLANG_WARN_NON_LITERAL_NULL_CONVERSION = YES;
				CLANG_WARN_OBJC_IMPLICIT_RETAIN_SELF = YES;
				CLANG_WARN_OBJC_LITERAL_CONVERSION = YES;
				CLANG_WARN_OBJC_ROOT_CLASS = YES_ERROR;
				CLANG_WARN_QUOTED_INCLUDE_IN_FRAMEWORK_HEADER = YES;
				CLANG_WARN_RANGE_LOOP_ANALYSIS = YES;
				CLANG_WARN_STRICT_PROTOTYPES = YES;
				CLANG_WARN_SUSPICIOUS_MOVE = YES;
				CLANG_WARN_UNGUARDED_AVAILABILITY = YES_AGGRESSIVE;
				CLANG_WARN_UNREACHABLE_CODE = YES;
				CLANG_WARN__DUPLICATE_METHOD_MATCH = YES;
				COPY_PHASE_STRIP = NO;
				DEBUG_INFORMATION_FORMAT = dwarf;
				ENABLE_STRICT_OBJC_MSGSEND = YES;
				ENABLE_TESTABILITY = YES;
				ENABLE_USER_SCRIPT_SANDBOXING = YES;
				GCC_C_LANGUAGE_STANDARD = gnu17;
				GCC_DYNAMIC_NO_PIC = NO;
				GCC_NO_COMMON_BLOCKS = YES;
				GCC_OPTIMIZATION_LEVEL = 0;
				GCC_PREPROCESSOR_DEFINITIONS = (
					"DEBUG=1",
					"$(inherited)",
				);
				GCC_WARN_64_TO_32_BIT_CONVERSION = YES;
				GCC_WARN_ABOUT_RETURN_TYPE = YES_ERROR;
				GCC_WARN_UNDECLARED_SELECTOR = YES;
				GCC_WARN_UNINITIALIZED_AUTOS = YES_AGGRESSIVE;
				GCC_WARN_UNUSED_FUNCTION = YES;
				GCC_WARN_UNUSED_VARIABLE = YES;
				IPHONEOS_DEPLOYMENT_TARGET = 17.2;
				LOCALIZATION_PREFERS_STRING_CATALOGS = YES;
				MTL_ENABLE_DEBUG_INFO = INCLUDE_SOURCE;
				MTL_FAST_MATH = YES;
				ONLY_ACTIVE_ARCH = YES;
				SDKROOT = iphoneos;
			};
			name = Debug;
		};
		2EB7087C2B84A06E00E53008 /* Release */ = {
			isa = XCBuildConfiguration;
			buildSettings = {
				ALWAYS_SEARCH_USER_PATHS = NO;
				ASSETCATALOG_COMPILER_GENERATE_SWIFT_ASSET_SYMBOL_EXTENSIONS = YES;
				CLANG_ANALYZER_NONNULL = YES;
				CLANG_ANALYZER_NUMBER_OBJECT_CONVERSION = YES_AGGRESSIVE;
				CLANG_CXX_LANGUAGE_STANDARD = "gnu++20";
				CLANG_ENABLE_MODULES = YES;
				CLANG_ENABLE_OBJC_ARC = YES;
				CLANG_ENABLE_OBJC_WEAK = YES;
				CLANG_WARN_BLOCK_CAPTURE_AUTORELEASING = YES;
				CLANG_WARN_BOOL_CONVERSION = YES;
				CLANG_WARN_COMMA = YES;
				CLANG_WARN_CONSTANT_CONVERSION = YES;
				CLANG_WARN_DEPRECATED_OBJC_IMPLEMENTATIONS = YES;
				CLANG_WARN_DIRECT_OBJC_ISA_USAGE = YES_ERROR;
				CLANG_WARN_DOCUMENTATION_COMMENTS = YES;
				CLANG_WARN_EMPTY_BODY = YES;
				CLANG_WARN_ENUM_CONVERSION = YES;
				CLANG_WARN_INFINITE_RECURSION = YES;
				CLANG_WARN_INT_CONVERSION = YES;
				CLANG_WARN_NON_LITERAL_NULL_CONVERSION = YES;
				CLANG_WARN_OBJC_IMPLICIT_RETAIN_SELF = YES;
				CLANG_WARN_OBJC_LITERAL_CONVERSION = YES;
				CLANG_WARN_OBJC_ROOT_CLASS = YES_ERROR;
				CLANG_WARN_QUOTED_INCLUDE_IN_FRAMEWORK_HEADER = YES;
				CLANG_WARN_RANGE_LOOP_ANALYSIS = YES;
				CLANG_WARN_STRICT_PROTOTYPES = YES;
				CLANG_WARN_SUSPICIOUS_MOVE = YES;
				CLANG_WARN_UNGUARDED_AVAILABILITY = YES_AGGRESSIVE;
				CLANG_WARN_UNREACHABLE_CODE = YES;
				CLANG_WARN__DUPLICATE_METHOD_MATCH = YES;
				COPY_PHASE_STRIP = NO;
				DEBUG_INFORMATION_FORMAT = "dwarf-with-dsym";
				ENABLE_NS_ASSERTIONS = NO;
				ENABLE_STRICT_OBJC_MSGSEND = YES;
				ENABLE_USER_SCRIPT_SANDBOXING = YES;
				GCC_C_LANGUAGE_STANDARD = gnu17;
				GCC_NO_COMMON_BLOCKS = YES;
				GCC_WARN_64_TO_32_BIT_CONVERSION = YES;
				GCC_WARN_ABOUT_RETURN_TYPE = YES_ERROR;
				GCC_WARN_UNDECLARED_SELECTOR = YES;
				GCC_WARN_UNINITIALIZED_AUTOS = YES_AGGRESSIVE;
				GCC_WARN_UNUSED_FUNCTION = YES;
				GCC_WARN_UNUSED_VARIABLE = YES;
				IPHONEOS_DEPLOYMENT_TARGET = 17.2;
				LOCALIZATION_PREFERS_STRING_CATALOGS = YES;
				MTL_ENABLE_DEBUG_INFO = NO;
				MTL_FAST_MATH = YES;
				SDKROOT = iphoneos;
				VALIDATE_PRODUCT = YES;
			};
			name = Release;
		};
		2EB7087E2B84A06E00E53008 /* Debug */ = {
			isa = XCBuildConfiguration;
			buildSettings = {
				ASSETCATALOG_COMPILER_APPICON_NAME = AppIcon;
				ASSETCATALOG_COMPILER_GLOBAL_ACCENT_COLOR_NAME = AccentColor;
				CODE_SIGN_STYLE = Automatic;
				CURRENT_PROJECT_VERSION = 1;
				DEVELOPMENT_TEAM = ZTTYNTW7NW;
				GENERATE_INFOPLIST_FILE = YES;
				INFOPLIST_FILE = DynamicFont/Info.plist;
				INFOPLIST_KEY_UIApplicationSupportsIndirectInputEvents = YES;
				INFOPLIST_KEY_UILaunchStoryboardName = LaunchScreen;
				INFOPLIST_KEY_UIMainStoryboardFile = Main;
				INFOPLIST_KEY_UISupportedInterfaceOrientations_iPad = "UIInterfaceOrientationPortrait UIInterfaceOrientationPortraitUpsideDown UIInterfaceOrientationLandscapeLeft UIInterfaceOrientationLandscapeRight";
				INFOPLIST_KEY_UISupportedInterfaceOrientations_iPhone = "UIInterfaceOrientationPortrait UIInterfaceOrientationLandscapeLeft UIInterfaceOrientationLandscapeRight";
				LD_RUNPATH_SEARCH_PATHS = (
					"$(inherited)",
					"@executable_path/Frameworks",
				);
				MARKETING_VERSION = 1.0;
				PRODUCT_BUNDLE_IDENTIFIER = com.itoolab.routegoapp.DynamicFont;
				PRODUCT_NAME = "$(TARGET_NAME)";
				SWIFT_EMIT_LOC_STRINGS = YES;
				TARGETED_DEVICE_FAMILY = "1,2";
			};
			name = Debug;
		};
		2EB7087F2B84A06E00E53008 /* Release */ = {
			isa = XCBuildConfiguration;
			buildSettings = {
				ASSETCATALOG_COMPILER_APPICON_NAME = AppIcon;
				ASSETCATALOG_COMPILER_GLOBAL_ACCENT_COLOR_NAME = AccentColor;
				CODE_SIGN_STYLE = Automatic;
				CURRENT_PROJECT_VERSION = 1;
				DEVELOPMENT_TEAM = ZTTYNTW7NW;
				GENERATE_INFOPLIST_FILE = YES;
				INFOPLIST_FILE = DynamicFont/Info.plist;
				INFOPLIST_KEY_UIApplicationSupportsIndirectInputEvents = YES;
				INFOPLIST_KEY_UILaunchStoryboardName = LaunchScreen;
				INFOPLIST_KEY_UIMainStoryboardFile = Main;
				INFOPLIST_KEY_UISupportedInterfaceOrientations_iPad = "UIInterfaceOrientationPortrait UIInterfaceOrientationPortraitUpsideDown UIInterfaceOrientationLandscapeLeft UIInterfaceOrientationLandscapeRight";
				INFOPLIST_KEY_UISupportedInterfaceOrientations_iPhone = "UIInterfaceOrientationPortrait UIInterfaceOrientationLandscapeLeft UIInterfaceOrientationLandscapeRight";
				LD_RUNPATH_SEARCH_PATHS = (
					"$(inherited)",
					"@executable_path/Frameworks",
				);
				MARKETING_VERSION = 1.0;
				PRODUCT_BUNDLE_IDENTIFIER = com.itoolab.routegoapp.DynamicFont;
				PRODUCT_NAME = "$(TARGET_NAME)";
				SWIFT_EMIT_LOC_STRINGS = YES;
				TARGETED_DEVICE_FAMILY = "1,2";
			};
			name = Release;
		};
		2EB708812B84A06E00E53008 /* Debug */ = {
			isa = XCBuildConfiguration;
			buildSettings = {
				BUNDLE_LOADER = "$(TEST_HOST)";
				CODE_SIGN_STYLE = Automatic;
				CURRENT_PROJECT_VERSION = 1;
				DEVELOPMENT_TEAM = ZTTYNTW7NW;
				GENERATE_INFOPLIST_FILE = YES;
				IPHONEOS_DEPLOYMENT_TARGET = 17.2;
				MARKETING_VERSION = 1.0;
				PRODUCT_BUNDLE_IDENTIFIER = com.itoolab.routegoapp.DynamicFontTests;
				PRODUCT_NAME = "$(TARGET_NAME)";
				SWIFT_EMIT_LOC_STRINGS = NO;
				TARGETED_DEVICE_FAMILY = "1,2";
				TEST_HOST = "$(BUILT_PRODUCTS_DIR)/DynamicFont.app/$(BUNDLE_EXECUTABLE_FOLDER_PATH)/DynamicFont";
			};
			name = Debug;
		};
		2EB708822B84A06E00E53008 /* Release */ = {
			isa = XCBuildConfiguration;
			buildSettings = {
				BUNDLE_LOADER = "$(TEST_HOST)";
				CODE_SIGN_STYLE = Automatic;
				CURRENT_PROJECT_VERSION = 1;
				DEVELOPMENT_TEAM = ZTTYNTW7NW;
				GENERATE_INFOPLIST_FILE = YES;
				IPHONEOS_DEPLOYMENT_TARGET = 17.2;
				MARKETING_VERSION = 1.0;
				PRODUCT_BUNDLE_IDENTIFIER = com.itoolab.routegoapp.DynamicFontTests;
				PRODUCT_NAME = "$(TARGET_NAME)";
				SWIFT_EMIT_LOC_STRINGS = NO;
				TARGETED_DEVICE_FAMILY = "1,2";
				TEST_HOST = "$(BUILT_PRODUCTS_DIR)/DynamicFont.app/$(BUNDLE_EXECUTABLE_FOLDER_PATH)/DynamicFont";
			};
			name = Release;
		};
		2EB708842B84A06E00E53008 /* Debug */ = {
			isa = XCBuildConfiguration;
			buildSettings = {
				CODE_SIGN_STYLE = Automatic;
				CURRENT_PROJECT_VERSION = 1;
				DEVELOPMENT_TEAM = ZTTYNTW7NW;
				GENERATE_INFOPLIST_FILE = YES;
				MARKETING_VERSION = 1.0;
				PRODUCT_BUNDLE_IDENTIFIER = com.itoolab.routegoapp.DynamicFontUITests;
				PRODUCT_NAME = "$(TARGET_NAME)";
				SWIFT_EMIT_LOC_STRINGS = NO;
				TARGETED_DEVICE_FAMILY = "1,2";
				TEST_TARGET_NAME = DynamicFont;
			};
			name = Debug;
		};
		2EB708852B84A06E00E53008 /* Release */ = {
			isa = XCBuildConfiguration;
			buildSettings = {
				CODE_SIGN_STYLE = Automatic;
				CURRENT_PROJECT_VERSION = 1;
				DEVELOPMENT_TEAM = ZTTYNTW7NW;
				GENERATE_INFOPLIST_FILE = YES;
				MARKETING_VERSION = 1.0;
				PRODUCT_BUNDLE_IDENTIFIER = com.itoolab.routegoapp.DynamicFontUITests;
				PRODUCT_NAME = "$(TARGET_NAME)";
				SWIFT_EMIT_LOC_STRINGS = NO;
				TARGETED_DEVICE_FAMILY = "1,2";
				TEST_TARGET_NAME = DynamicFont;
			};
			name = Release;
		};
/* End XCBuildConfiguration section */

/* Begin XCConfigurationList section */
		2EB708492B84A06D00E53008 /* Build configuration list for PBXProject "DynamicFont" */ = {
			isa = XCConfigurationList;
			buildConfigurations = (
				2EB7087B2B84A06E00E53008 /* Debug */,
				2EB7087C2B84A06E00E53008 /* Release */,
			);
			defaultConfigurationIsVisible = 0;
			defaultConfigurationName = Release;
		};
		2EB7087D2B84A06E00E53008 /* Build configuration list for PBXNativeTarget "DynamicFont" */ = {
			isa = XCConfigurationList;
			buildConfigurations = (
				2EB7087E2B84A06E00E53008 /* Debug */,
				2EB7087F2B84A06E00E53008 /* Release */,
			);
			defaultConfigurationIsVisible = 0;
			defaultConfigurationName = Release;
		};
		2EB708802B84A06E00E53008 /* Build configuration list for PBXNativeTarget "DynamicFontTests" */ = {
			isa = XCConfigurationList;
			buildConfigurations = (
				2EB708812B84A06E00E53008 /* Debug */,
				2EB708822B84A06E00E53008 /* Release */,
			);
			defaultConfigurationIsVisible = 0;
			defaultConfigurationName = Release;
		};
		2EB708832B84A06E00E53008 /* Build configuration list for PBXNativeTarget "DynamicFontUITests" */ = {
			isa = XCConfigurationList;
			buildConfigurations = (
				2EB708842B84A06E00E53008 /* Debug */,
				2EB708852B84A06E00E53008 /* Release */,
			);
			defaultConfigurationIsVisible = 0;
			defaultConfigurationName = Release;
		};
/* End XCConfigurationList section */
	};
	rootObject = 2EB708462B84A06D00E53008 /* Project object */;
}
